
Microsoft Visual Studio Solution File, Format Version 12.00
# Visual Studio Version 17
VisualStudioVersion = 17.9.34902.65
MinimumVisualStudioVersion = 10.0.40219.1
Project("{FAE04EC0-301F-11D3-BF4B-00C04F79EFBC}") = "testb", "testb.csproj", "{2171071A-4D82-44D8-9B0F-4C3C4FE82AB8}"
EndProject
Global
	GlobalSection(SolutionConfigurationPlatforms) = preSolution
		Debug|Any CPU = Debug|Any CPU
		Release|Any CPU = Release|Any CPU
	EndGlobalSection
	GlobalSection(ProjectConfigurationPlatforms) = postSolution
		{2171071A-4D82-44D8-9B0F-4C3C4FE82AB8}.Debug|Any CPU.ActiveCfg = Debug|Any CPU
		{2171071A-4D82-44D8-9B0F-4C3C4FE82AB8}.Debug|Any CPU.Build.0 = Debug|Any CPU
		{2171071A-4D82-44D8-9B0F-4C3C4FE82AB8}.Release|Any CPU.ActiveCfg = Release|Any CPU
		{2171071A-4D82-44D8-9B0F-4C3C4FE82AB8}.Release|Any CPU.Build.0 = Release|Any CPU
	EndGlobalSection
	GlobalSection(SolutionProperties) = preSolution
		HideSolutionNode = FALSE
	EndGlobalSection
	GlobalSection(ExtensibilityGlobals) = postSolution
		SolutionGuid = {A57F6FCF-EF63-4094-B46B-A9885D71E15F}
	EndGlobalSection
EndGlobal
